// !$*UTF8*$!
{
	archiveVersion = 1;
	classes = {
	};
	objectVersion = 50;
	objects = {

/* Begin PBXBuildFile section */
		3BEB16D421A3F27400DC1764 /* AppDelegate.m in Sources */ = {isa = PBXBuildFile; fileRef = 3BEB16D321A3F27400DC1764 /* AppDelegate.m */; };
		3BEB16D721A3F27400DC1764 /* ViewController.m in Sources */ = {isa = PBXBuildFile; fileRef = 3BEB16D621A3F27400DC1764 /* ViewController.m */; };
		3BEB16DA21A3F27400DC1764 /* Main.storyboard in Resources */ = {isa = PBXBuildFile; fileRef = 3BEB16D821A3F27400DC1764 /* Main.storyboard */; };
		3BEB16DC21A3F27500DC1764 /* Assets.xcassets in Resources */ = {isa = PBXBuildFile; fileRef = 3BEB16DB21A3F27500DC1764 /* Assets.xcassets */; };
		3BEB16DF21A3F27500DC1764 /* LaunchScreen.storyboard in Resources */ = {isa = PBXBuildFile; fileRef = 3BEB16DD21A3F27500DC1764 /* LaunchScreen.storyboard */; };
		3BEB16E221A3F27500DC1764 /* main.m in Sources */ = {isa = PBXBuildFile; fileRef = 3BEB16E121A3F27500DC1764 /* main.m */; };
		3BEB16EB21A3F2B400DC1764 /* XJFlipView.m in Sources */ = {isa = PBXBuildFile; fileRef = 3BEB16EA21A3F2B400DC1764 /* XJFlipView.m */; };
/* End PBXBuildFile section */

/* Begin PBXFileReference section */
		3BEB16CF21A3F27400DC1764 /* XJFlipViewDemo.app */ = {isa = PBXFileReference; explicitFileType = wrapper.application; includeInIndex = 0; path = XJFlipViewDemo.app; sourceTree = BUILT_PRODUCTS_DIR; };
		3BEB16D221A3F27400DC1764 /* AppDelegate.h */ = {isa = PBXFileReference; lastKnownFileType = sourcecode.c.h; path = AppDelegate.h; sourceTree = "<group>"; };
		3BEB16D321A3F27400DC1764 /* AppDelegate.m */ = {isa = PBXFileReference; lastKnownFileType = sourcecode.c.objc; path = AppDelegate.m; sourceTree = "<group>"; };
		3BEB16D521A3F27400DC1764 /* ViewController.h */ = {isa = PBXFileReference; lastKnownFileType = sourcecode.c.h; path = ViewController.h; sourceTree = "<group>"; };
		3BEB16D621A3F27400DC1764 /* ViewController.m */ = {isa = PBXFileReference; lastKnownFileType = sourcecode.c.objc; path = ViewController.m; sourceTree = "<group>"; };
		3BEB16D921A3F27400DC1764 /* Base */ = {isa = PBXFileReference; lastKnownFileType = file.storyboard; name = Base; path = Base.lproj/Main.storyboard; sourceTree = "<group>"; };
		3BEB16DB21A3F27500DC1764 /* Assets.xcassets */ = {isa = PBXFileReference; lastKnownFileType = folder.assetcatalog; path = Assets.xcassets; sourceTree = "<group>"; };
		3BEB16DE21A3F27500DC1764 /* Base */ = {isa = PBXFileReference; lastKnownFileType = file.storyboard; name = Base; path = Base.lproj/LaunchScreen.storyboard; sourceTree = "<group>"; };
		3BEB16E021A3F27500DC1764 /* Info.plist */ = {isa = PBXFileReference; lastKnownFileType = text.plist.xml; path = Info.plist; sourceTree = "<group>"; };
		3BEB16E121A3F27500DC1764 /* main.m */ = {isa = PBXFileReference; lastKnownFileType = sourcecode.c.objc; path = main.m; sourceTree = "<group>"; };
		3BEB16E921A3F2B400DC1764 /* XJFlipView.h */ = {isa = PBXFileReference; lastKnownFileType = sourcecode.c.h; path = XJFlipView.h; sourceTree = "<group>"; };
		3BEB16EA21A3F2B400DC1764 /* XJFlipView.m */ = {isa = PBXFileReference; lastKnownFileType = sourcecode.c.objc; path = XJFlipView.m; sourceTree = "<group>"; };
/* End PBXFileReference section */

/* Begin PBXFrameworksBuildPhase section */
		3BEB16CC21A3F27400DC1764 /* Frameworks */ = {
			isa = PBXFrameworksBuildPhase;
			buildActionMask = 2147483647;
			files = (
			);
			runOnlyForDeploymentPostprocessing = 0;
		};
/* End PBXFrameworksBuildPhase section */

/* Begin PBXGroup section */
		3BEB16C621A3F27400DC1764 = {
			isa = PBXGroup;
			children = (
				3BEB16D121A3F27400DC1764 /* XJFlipViewDemo */,
				3BEB16D021A3F27400DC1764 /* Products */,
			);
			sourceTree = "<group>";
		};
		3BEB16D021A3F27400DC1764 /* Products */ = {
			isa = PBXGroup;
			children = (
				3BEB16CF21A3F27400DC1764 /* XJFlipViewDemo.app */,
			);
			name = Products;
			sourceTree = "<group>";
		};
		3BEB16D121A3F27400DC1764 /* XJFlipViewDemo */ = {
			isa = PBXGroup;
			children = (
				3BEB16E821A3F29A00DC1764 /* XJFlipView */,
				3BEB16D221A3F27400DC1764 /* AppDelegate.h */,
				3BEB16D321A3F27400DC1764 /* AppDelegate.m */,
				3BEB16D521A3F27400DC1764 /* ViewController.h */,
				3BEB16D621A3F27400DC1764 /* ViewController.m */,
				3BEB16D821A3F27400DC1764 /* Main.storyboard */,
				3BEB16DB21A3F27500DC1764 /* Assets.xcassets */,
				3BEB16DD21A3F27500DC1764 /* LaunchScreen.storyboard */,
				3BEB16E021A3F27500DC1764 /* Info.plist */,
				3BEB16E121A3F27500DC1764 /* main.m */,
			);
			path = XJFlipViewDemo;
			sourceTree = "<group>";
		};
		3BEB16E821A3F29A00DC1764 /* XJFlipView */ = {
			isa = PBXGroup;
			children = (
				3BEB16E921A3F2B400DC1764 /* XJFlipView.h */,
				3BEB16EA21A3F2B400DC1764 /* XJFlipView.m */,
			);
			path = XJFlipView;
			sourceTree = "<group>";
		};
/* End PBXGroup section */

/* Begin PBXNativeTarget section */
		3BEB16CE21A3F27400DC1764 /* XJFlipViewDemo */ = {
			isa = PBXNativeTarget;
			buildConfigurationList = 3BEB16E521A3F27500DC1764 /* Build configuration list for PBXNativeTarget "XJFlipViewDemo" */;
			buildPhases = (
				3BEB16CB21A3F27400DC1764 /* Sources */,
				3BEB16CC21A3F27400DC1764 /* Frameworks */,
				3BEB16CD21A3F27400DC1764 /* Resources */,
			);
			buildRules = (
			);
			dependencies = (
			);
			name = XJFlipViewDemo;
			productName = XJFlipViewDemo;
			productReference = 3BEB16CF21A3F27400DC1764 /* XJFlipViewDemo.app */;
			productType = "com.apple.product-type.application";
		};
/* End PBXNativeTarget section */

/* Begin PBXProject section */
		3BEB16C721A3F27400DC1764 /* Project object */ = {
			isa = PBXProject;
			attributes = {
				LastUpgradeCheck = 1010;
				ORGANIZATIONNAME = lxj;
				TargetAttributes = {
					3BEB16CE21A3F27400DC1764 = {
						CreatedOnToolsVersion = 10.1;
					};
				};
			};
			buildConfigurationList = 3BEB16CA21A3F27400DC1764 /* Build configuration list for PBXProject "XJFlipViewDemo" */;
			compatibilityVersion = "Xcode 9.3";
			developmentRegion = en;
			hasScannedForEncodings = 0;
			knownRegions = (
				en,
				Base,
			);
			mainGroup = 3BEB16C621A3F27400DC1764;
			productRefGroup = 3BEB16D021A3F27400DC1764 /* Products */;
			projectDirPath = "";
			projectRoot = "";
			targets = (
				3BEB16CE21A3F27400DC1764 /* XJFlipViewDemo */,
			);
		};
/* End PBXProject section */

/* Begin PBXResourcesBuildPhase section */
		3BEB16CD21A3F27400DC1764 /* Resources */ = {
			isa = PBXResourcesBuildPhase;
			buildActionMask = 2147483647;
			files = (
				3BEB16DF21A3F27500DC1764 /* LaunchScreen.storyboard in Resources */,
				3BEB16DC21A3F27500DC1764 /* Assets.xcassets in Resources */,
				3BEB16DA21A3F27400DC1764 /* Main.storyboard in Resources */,
			);
			runOnlyForDeploymentPostprocessing = 0;
		};
/* End PBXResourcesBuildPhase section */

/* Begin PBXSourcesBuildPhase section */
		3BEB16CB21A3F27400DC1764 /* Sources */ = {
			isa = PBXSourcesBuildPhase;
			buildActionMask = 2147483647;
			files = (
				3BEB16D721A3F27400DC1764 /* ViewController.m in Sources */,
				3BEB16E221A3F27500DC1764 /* main.m in Sources */,
				3BEB16D421A3F27400DC1764 /* AppDelegate.m in Sources */,
				3BEB16EB21A3F2B400DC1764 /* XJFlipView.m in Sources */,
			);
			runOnlyForDeploymentPostprocessing = 0;
		};
/* End PBXSourcesBuildPhase section */

/* Begin PBXVariantGroup section */
		3BEB16D821A3F27400DC1764 /* Main.storyboard */ = {
			isa = PBXVariantGroup;
			children = (
				3BEB16D921A3F27400DC1764 /* Base */,
			);
			name = Main.storyboard;
			sourceTree = "<group>";
		};
		3BEB16DD21A3F27500DC1764 /* LaunchScreen.storyboard */ = {
			isa = PBXVariantGroup;
			children = (
				3BEB16DE21A3F27500DC1764 /* Base */,
			);
			name = LaunchScreen.storyboard;
			sourceTree = "<group>";
		};
/* End PBXVariantGroup section */

/* Begin XCBuildConfiguration section */
		3BEB16E321A3F27500DC1764 /* Debug */ = {
			isa = XCBuildConfiguration;
			buildSettings = {
				ALWAYS_SEARCH_USER_PATHS = NO;
				CLANG_ANALYZER_NONNULL = YES;
				CLANG_ANALYZER_NUMBER_OBJECT_CONVERSION = YES_AGGRESSIVE;
				CLANG_CXX_LANGUAGE_STANDARD = "gnu++14";
				CLANG_CXX_LIBRARY = "libc++";
				CLANG_ENABLE_MODULES = YES;
				CLANG_ENABLE_OBJC_ARC = YES;
				CLANG_ENABLE_OBJC_WEAK = YES;
				CLANG_WARN_BLOCK_CAPTURE_AUTORELEASING = YES;
				CLANG_WARN_BOOL_CONVERSION = YES;
				CLANG_WARN_COMMA = YES;
				CLANG_WARN_CONSTANT_CONVERSION = YES;
				CLANG_WARN_DEPRECATED_OBJC_IMPLEMENTATIONS = YES;
				CLANG_WARN_DIRECT_OBJC_ISA_USAGE = YES_ERROR;
				CLANG_WARN_DOCUMENTATION_COMMENTS = YES;
				CLANG_WARN_EMPTY_BODY = YES;
				CLANG_WARN_ENUM_CONVERSION = YES;
				CLANG_WARN_INFINITE_RECURSION = YES;
				CLANG_WARN_INT_CONVERSION = YES;
				CLANG_WARN_NON_LITERAL_NULL_CONVERSION = YES;
				CLANG_WARN_OBJC_IMPLICIT_RETAIN_SELF = YES;
				CLANG_WARN_OBJC_LITERAL_CONVERSION = YES;
				CLANG_WARN_OBJC_ROOT_CLASS = YES_ERROR;
				CLANG_WARN_RANGE_LOOP_ANALYSIS = YES;
				CLANG_WARN_STRICT_PROTOTYPES = YES;
				CLANG_WARN_SUSPICIOUS_MOVE = YES;
				CLANG_WARN_UNGUARDED_AVAILABILITY = YES_AGGRESSIVE;
				CLANG_WARN_UNREACHABLE_CODE = YES;
				CLANG_WARN__DUPLICATE_METHOD_MATCH = YES;
				CODE_SIGN_IDENTITY = "iPhone Developer";
				COPY_PHASE_STRIP = NO;
				DEBUG_INFORMATION_FORMAT = dwarf;
				ENABLE_STRICT_OBJC_MSGSEND = YES;
				ENABLE_TESTABILITY = YES;
				GCC_C_LANGUAGE_STANDARD = gnu11;
				GCC_DYNAMIC_NO_PIC = NO;
				GCC_NO_COMMON_BLOCKS = YES;
				GCC_OPTIMIZATION_LEVEL = 0;
				GCC_PREPROCESSOR_DEFINITIONS = (
					"DEBUG=1",
					"$(inherited)",
				);
				GCC_WARN_64_TO_32_BIT_CONVERSION = YES;
				GCC_WARN_ABOUT_RETURN_TYPE = YES_ERROR;
				GCC_WARN_UNDECLARED_SELECTOR = YES;
				GCC_WARN_UNINITIALIZED_AUTOS = YES_AGGRESSIVE;
				GCC_WARN_UNUSED_FUNCTION = YES;
				GCC_WARN_UNUSED_VARIABLE = YES;
				IPHONEOS_DEPLOYMENT_TARGET = 12.1;
				MTL_ENABLE_DEBUG_INFO = INCLUDE_SOURCE;
				MTL_FAST_MATH = YES;
				ONLY_ACTIVE_ARCH = YES;
				SDKROOT = iphoneos;
			};
			name = Debug;
		};
		3BEB16E421A3F27500DC1764 /* Release */ = {
			isa = XCBuildConfiguration;
			buildSettings = {
				ALWAYS_SEARCH_USER_PATHS = NO;
				CLANG_ANALYZER_NONNULL = YES;
				CLANG_ANALYZER_NUMBER_OBJECT_CONVERSION = YES_AGGRESSIVE;
				CLANG_CXX_LANGUAGE_STANDARD = "gnu++14";
				CLANG_CXX_LIBRARY = "libc++";
				CLANG_ENABLE_MODULES = YES;
				CLANG_ENABLE_OBJC_ARC = YES;
				CLANG_ENABLE_OBJC_WEAK = YES;
				CLANG_WARN_BLOCK_CAPTURE_AUTORELEASING = YES;
				CLANG_WARN_BOOL_CONVERSION = YES;
				CLANG_WARN_COMMA = YES;
				CLANG_WARN_CONSTANT_CONVERSION = YES;
				CLANG_WARN_DEPRECATED_OBJC_IMPLEMENTATIONS = YES;
				CLANG_WARN_DIRECT_OBJC_ISA_USAGE = YES_ERROR;
				CLANG_WARN_DOCUMENTATION_COMMENTS = YES;
				CLANG_WARN_EMPTY_BODY = YES;
				CLANG_WARN_ENUM_CONVERSION = YES;
				CLANG_WARN_INFINITE_RECURSION = YES;
				CLANG_WARN_INT_CONVERSION = YES;
				CLANG_WARN_NON_LITERAL_NULL_CONVERSION = YES;
				CLANG_WARN_OBJC_IMPLICIT_RETAIN_SELF = YES;
				CLANG_WARN_OBJC_LITERAL_CONVERSION = YES;
				CLANG_WARN_OBJC_ROOT_CLASS = YES_ERROR;
				CLANG_WARN_RANGE_LOOP_ANALYSIS = YES;
				CLANG_WARN_STRICT_PROTOTYPES = YES;
				CLANG_WARN_SUSPICIOUS_MOVE = YES;
				CLANG_WARN_UNGUARDED_AVAILABILITY = YES_AGGRESSIVE;
				CLANG_WARN_UNREACHABLE_CODE = YES;
				CLANG_WARN__DUPLICATE_METHOD_MATCH = YES;
				CODE_SIGN_IDENTITY = "iPhone Developer";
				COPY_PHASE_STRIP = NO;
				DEBUG_INFORMATION_FORMAT = "dwarf-with-dsym";
				ENABLE_NS_ASSERTIONS = NO;
				ENABLE_STRICT_OBJC_MSGSEND = YES;
				GCC_C_LANGUAGE_STANDARD = gnu11;
				GCC_NO_COMMON_BLOCKS = YES;
				GCC_WARN_64_TO_32_BIT_CONVERSION = YES;
				GCC_WARN_ABOUT_RETURN_TYPE = YES_ERROR;
				GCC_WARN_UNDECLARED_SELECTOR = YES;
				GCC_WARN_UNINITIALIZED_AUTOS = YES_AGGRESSIVE;
				GCC_WARN_UNUSED_FUNCTION = YES;
				GCC_WARN_UNUSED_VARIABLE = YES;
				IPHONEOS_DEPLOYMENT_TARGET = 12.1;
				MTL_ENABLE_DEBUG_INFO = NO;
				MTL_FAST_MATH = YES;
				SDKROOT = iphoneos;
				VALIDATE_PRODUCT = YES;
			};
			name = Release;
		};
		3BEB16E621A3F27500DC1764 /* Debug */ = {
			isa = XCBuildConfiguration;
			buildSettings = {
				ASSETCATALOG_COMPILER_APPICON_NAME = AppIcon;
				CODE_SIGN_STYLE = Automatic;
				DEVELOPMENT_TEAM = TEK5JMY8HY;
				INFOPLIST_FILE = XJFlipViewDemo/Info.plist;
				LD_RUNPATH_SEARCH_PATHS = (
					"$(inherited)",
					"@executable_path/Frameworks",
				);
				PRODUCT_BUNDLE_IDENTIFIER = com.waimai..XJFlipViewDemo;
				PRODUCT_NAME = "$(TARGET_NAME)";
				TARGETED_DEVICE_FAMILY = "1,2";
			};
			name = Debug;
		};
		3BEB16E721A3F27500DC1764 /* Release */ = {
			isa = XCBuildConfiguration;
			buildSettings = {
				ASSETCATALOG_COMPILER_APPICON_NAME = AppIcon;
				CODE_SIGN_STYLE = Automatic;
				DEVELOPMENT_TEAM = TEK5JMY8HY;
				INFOPLIST_FILE = XJFlipViewDemo/Info.plist;
				LD_RUNPATH_SEARCH_PATHS = (
					"$(inherited)",
					"@executable_path/Frameworks",
				);
				PRODUCT_BUNDLE_IDENTIFIER = com.waimai..XJFlipViewDemo;
				PRODUCT_NAME = "$(TARGET_NAME)";
				TARGETED_DEVICE_FAMILY = "1,2";
			};
			name = Release;
		};
/* End XCBuildConfiguration section */

/* Begin XCConfigurationList section */
		3BEB16CA21A3F27400DC1764 /* Build configuration list for PBXProject "XJFlipViewDemo" */ = {
			isa = XCConfigurationList;
			buildConfigurations = (
				3BEB16E321A3F27500DC1764 /* Debug */,
				3BEB16E421A3F27500DC1764 /* Release */,
			);
			defaultConfigurationIsVisible = 0;
			defaultConfigurationName = Release;
		};
		3BEB16E521A3F27500DC1764 /* Build configuration list for PBXNativeTarget "XJFlipViewDemo" */ = {
			isa = XCConfigurationList;
			buildConfigurations = (
				3BEB16E621A3F27500DC1764 /* Debug */,
				3BEB16E721A3F27500DC1764 /* Release */,
			);
			defaultConfigurationIsVisible = 0;
			defaultConfigurationName = Release;
		};
/* End XCConfigurationList section */
	};
	rootObject = 3BEB16C721A3F27400DC1764 /* Project object */;
}
